<?xml version="1.0" encoding="utf-8"?>
<Project ToolsVersion="4.0" xmlns="http://schemas.microsoft.com/developer/msbuild/2003">
  <ItemGroup>
    <Filter Include="Source Files">
      <UniqueIdentifier>{4FC737F1-C7A5-4376-A066-2A32D752A2FF}</UniqueIdentifier>
      <Extensions>cpp;c;cc;cxx;def;odl;idl;hpj;bat;asm;asmx</Extensions>
    </Filter>
    <Filter Include="Header Files">
      <UniqueIdentifier>{93995380-89BD-4b04-88EB-625FBE52EBFB}</UniqueIdentifier>
      <Extensions>h;hh;hpp;hxx;hm;inl;inc;xsd</Extensions>
    </Filter>
    <Filter Include="Resource Files">
      <UniqueIdentifier>{67DA6AB6-F800-4c08-8B7A-83BB121AAD01}</UniqueIdentifier>
      <Extensions>qrc;rc;ico;cur;bmp;dlg;rc2;rct;bin;rgs;gif;jpg;jpeg;jpe;resx;tiff;tif;png;wav;mfcribbon-ms</Extensions>
    </Filter>
    <Filter Include="Form Files">
      <UniqueIdentifier>{99349809-55BA-4b9d-BF79-8FDBB0286EB3}</UniqueIdentifier>
      <Extensions>ui</Extensions>
    </Filter>
    <Filter Include="Translation Files">
      <UniqueIdentifier>{639EADAA-A684-42e4-A9AD-28FC9BCB8F7C}</UniqueIdentifier>
      <Extensions>ts</Extensions>
    </Filter>
    <Filter Include="Source Files\Plugin">
      <UniqueIdentifier>{0d0d9c22-c062-467c-866b-aac56ed11a5b}</UniqueIdentifier>
    </Filter>
    <Filter Include="Other">
      <UniqueIdentifier>{e5db4337-ddab-4ea1-a20d-265ab5f782ec}</UniqueIdentifier>
    </Filter>
    <Filter Include="Source Files\UI">
      <UniqueIdentifier>{5bdedd39-9f13-4e70-bec6-5d881a722221}</UniqueIdentifier>
    </Filter>
    <Filter Include="Source Files\Basic">
      <UniqueIdentifier>{7503f9e4-b3f9-420d-b73f-78c6f4098e2f}</UniqueIdentifier>
    </Filter>
    <Filter Include="Header Files\UI">
      <UniqueIdentifier>{b3750246-ffdf-4b59-ba94-96dc038398a1}</UniqueIdentifier>
    </Filter>
    <Filter Include="Header Files\Plugin">
      <UniqueIdentifier>{4d76bb1b-7d4d-4b52-81bf-93ac8a23ea6c}</UniqueIdentifier>
    </Filter>
    <Filter Include="Header Files\Basic">
      <UniqueIdentifier>{9c00ee45-f99e-4132-9868-1deff618ad53}</UniqueIdentifier>
    </Filter>
  </ItemGroup>
  <ItemGroup>
    <None Include="runner.bat">
      <Filter>Other</Filter>
    </None>
  </ItemGroup>
  <ItemGroup>
    <QtUic Include="ResoucrceFile\cspbot.ui">
      <Filter>Form Files</Filter>
    </QtUic>
  </ItemGroup>
  <ItemGroup>
    <ClInclude Include="HeadFile\stdafx.h">
      <Filter>Header Files</Filter>
    </ClInclude>
    <ClInclude Include="HeadFile\CPython.h">
      <Filter>Header Files\Plugin</Filter>
    </ClInclude>
    <ClInclude Include="HeadFile\cgoMain.h">
      <Filter>Header Files\Basic</Filter>
    </ClInclude>
    <ClInclude Include="HeadFile\global.h">
      <Filter>Header Files\Basic</Filter>
    </ClInclude>
    <ClInclude Include="HeadFile\logger.h">
      <Filter>Header Files\Basic</Filter>
    </ClInclude>
    <ClInclude Include="HeadFile\mirai.h">
      <Filter>Header Files\Basic</Filter>
    </ClInclude>
    <ClInclude Include="HeadFile\resource.h">
      <Filter>Header Files</Filter>
    </ClInclude>
    <ClInclude Include="HeadFile\Command.h">
      <Filter>Header Files\Basic</Filter>
    </ClInclude>
  </ItemGroup>
  <ItemGroup>
    <QtMoc Include="HeadFile\crontab.h">
      <Filter>Header Files\UI</Filter>
    </QtMoc>
    <QtMoc Include="HeadFile\cspbot.h">
      <Filter>Header Files\UI</Filter>
    </QtMoc>
    <QtMoc Include="HeadFile\server.h">
      <Filter>Header Files\Basic</Filter>
    </QtMoc>
  </ItemGroup>
  <ItemGroup>
    <ResourceCompile Include="ResoucrceFile\CSPBot.rc">
      <Filter>Resource Files</Filter>
    </ResourceCompile>
  </ItemGroup>
  <ItemGroup>
    <Image Include="ResoucrceFile\CSPBot.ico">
      <Filter>Resource Files</Filter>
    </Image>
  </ItemGroup>
  <ItemGroup>
    <QtRcc Include="ResoucrceFile\cspbot.qrc">
      <Filter>Resource Files</Filter>
    </QtRcc>
  </ItemGroup>
  <ItemGroup>
    <ClCompile Include="SouceFile\stdafx.cpp">
      <Filter>Source Files</Filter>
    </ClCompile>
    <ClCompile Include="SouceFile\main.cpp">
      <Filter>Source Files</Filter>
    </ClCompile>
    <ClCompile Include="SouceFile\PyAPI.cpp">
      <Filter>Source Files\Plugin</Filter>
    </ClCompile>
    <ClCompile Include="SouceFile\PyEvent.cpp">
      <Filter>Source Files\Plugin</Filter>
    </ClCompile>
    <ClCompile Include="SouceFile\PyModle.cpp">
      <Filter>Source Files\Plugin</Filter>
    </ClCompile>
    <ClCompile Include="SouceFile\cspbot.cpp">
      <Filter>Source Files\UI</Filter>
    </ClCompile>
    <ClCompile Include="SouceFile\mirai.cpp">
      <Filter>Source Files\Basic</Filter>
    </ClCompile>
    <ClCompile Include="SouceFile\logger.cpp">
      <Filter>Source Files\Basic</Filter>
    </ClCompile>
    <ClCompile Include="SouceFile\Module.cpp">
      <Filter>Source Files\Basic</Filter>
    </ClCompile>
    <ClCompile Include="SouceFile\server.cpp">
      <Filter>Source Files\Basic</Filter>
    </ClCompile>
    <ClCompile Include="SourceFile\Command.cpp">
      <Filter>Source Files\Basic</Filter>
    </ClCompile>
  </ItemGroup>
</Project>