
Microsoft Visual Studio Solution File, Format Version 12.00
# Visual Studio Version 17
VisualStudioVersion = 17.1.32228.430
MinimumVisualStudioVersion = 10.0.40219.1
Project("{8BC9CEB8-8B4A-11D0-8D11-00A0C91BC942}") = "CSPBot", "CSPBot.vcxproj", "{7D23CDD4-16EA-4ECD-AE8F-81CB017DACB0}"
EndProject
Global
	GlobalSection(SolutionConfigurationPlatforms) = preSolution
		Debug|x64 = Debug|x64
		Release|x64 = Release|x64
	EndGlobalSection
	GlobalSection(ProjectConfigurationPlatforms) = postSolution
		{7D23CDD4-16EA-4ECD-AE8F-81CB017DACB0}.Debug|x64.ActiveCfg = Debug|x64
		{7D23CDD4-16EA-4ECD-AE8F-81CB017DACB0}.Debug|x64.Build.0 = Debug|x64
		{7D23CDD4-16EA-4ECD-AE8F-81CB017DACB0}.Release|x64.ActiveCfg = Release|x64
		{7D23CDD4-16EA-4ECD-AE8F-81CB017DACB0}.Release|x64.Build.0 = Release|x64
	EndGlobalSection
	GlobalSection(SolutionProperties) = preSolution
		HideSolutionNode = FALSE
	EndGlobalSection
	GlobalSection(ExtensibilityGlobals) = postSolution
		SolutionGuid = {21320040-D881-43FB-83EB-52D27F1CB4F1}
	EndGlobalSection
EndGlobal
